PODS:
  - Realm (10.1.4):
    - Realm/Headers (= 10.1.4)
  - Realm/Headers (10.1.4)
  - RealmSwift (10.1.4):
    - Realm (= 10.1.4)
  - SwiftCSV (0.6.0)

DEPENDENCIES:
  - RealmSwift
  - SwiftCSV

SPEC REPOS:
  trunk:
    - Realm
    - RealmSwift
    - SwiftCSV

SPEC CHECKSUMS:
  Realm: 80f4fb2971ccb9adc27a47d0955ae8e533a7030b
  RealmSwift: 0e566ca714edb377bba8ea0811eafcea0b93734e
  SwiftCSV: ebc63cacc3820042537288c0cc647946261f7c2c

PODFILE CHECKSUM: e274c0e038fc76f0258264469a3abea0f9225987

COCOAPODS: 1.10.1
